// !$*UTF8*$!
{
	archiveVersion = 1;
	classes = {
	};
	objectVersion = 56;
	objects = {

/* Begin PBXBuildFile section */
		3A9781582D44E99E0019ED04 /* Assets.xcassets in Resources */ = {isa = PBXBuildFile; fileRef = 3A97814F2D44E99E0019ED04 /* Assets.xcassets */; };
		3A97815A2D44E99E0019ED04 /* LaunchScreen.storyboard in Resources */ = {isa = PBXBuildFile; fileRef = 3A9781522D44E99E0019ED04 /* LaunchScreen.storyboard */; };
		3A97815C2D44E99E0019ED04 /* AppDelegate.swift in Sources */ = {isa = PBXBuildFile; fileRef = 3A97814E2D44E99E0019ED04 /* AppDelegate.swift */; };
		3A97815D2D44E99E0019ED04 /* SceneDelegate.swift in Sources */ = {isa = PBXBuildFile; fileRef = 3A9781552D44E99E0019ED04 /* SceneDelegate.swift */; };
		3A9781662D44EF740019ED04 /* Coordinator.swift in Sources */ = {isa = PBXBuildFile; fileRef = 3A9781652D44EF740019ED04 /* Coordinator.swift */; };
		3A9781682D44EFC40019ED04 /* AppCoordinator.swift in Sources */ = {isa = PBXBuildFile; fileRef = 3A9781672D44EFC40019ED04 /* AppCoordinator.swift */; };
		3A97816C2D44F0D70019ED04 /* CurrencyListViewController.swift in Sources */ = {isa = PBXBuildFile; fileRef = 3A97816B2D44F0D70019ED04 /* CurrencyListViewController.swift */; };
		3A97816E2D44F0EB0019ED04 /* FavoritesViewController.swift in Sources */ = {isa = PBXBuildFile; fileRef = 3A97816D2D44F0EB0019ED04 /* FavoritesViewController.swift */; };
		3A9781732D44F3280019ED04 /* BaseView.swift in Sources */ = {isa = PBXBuildFile; fileRef = 3A9781722D44F3280019ED04 /* BaseView.swift */; };
		3A9781772D44F4F50019ED04 /* APIClient.swift in Sources */ = {isa = PBXBuildFile; fileRef = 3A9781762D44F4F50019ED04 /* APIClient.swift */; };
		3A9781792D44F4FB0019ED04 /* APIRouter.swift in Sources */ = {isa = PBXBuildFile; fileRef = 3A9781782D44F4FB0019ED04 /* APIRouter.swift */; };
		3A97817B2D44F5030019ED04 /* APIConstants.swift in Sources */ = {isa = PBXBuildFile; fileRef = 3A97817A2D44F5030019ED04 /* APIConstants.swift */; };
		3A97817D2D44FAAC0019ED04 /* CurrencyListViewModel.swift in Sources */ = {isa = PBXBuildFile; fileRef = 3A97817C2D44FAAC0019ED04 /* CurrencyListViewModel.swift */; };
		3A9781812D452DF80019ED04 /* KeychainManager.swift in Sources */ = {isa = PBXBuildFile; fileRef = 3A9781802D452DF80019ED04 /* KeychainManager.swift */; };
		3A9781842D45302B0019ED04 /* CurrencyRateModel.swift in Sources */ = {isa = PBXBuildFile; fileRef = 3A9781832D45302B0019ED04 /* CurrencyRateModel.swift */; };
		3A9781872D4531320019ED04 /* CellSetupController.swift in Sources */ = {isa = PBXBuildFile; fileRef = 3A9781862D4531320019ED04 /* CellSetupController.swift */; };
		3A9781892D4531A70019ED04 /* BaseTableView.swift in Sources */ = {isa = PBXBuildFile; fileRef = 3A9781882D4531A70019ED04 /* BaseTableView.swift */; };
		3A97818C2D4532EC0019ED04 /* Protocols.swift in Sources */ = {isa = PBXBuildFile; fileRef = 3A97818B2D4532EC0019ED04 /* Protocols.swift */; };
		3A9781922D4535AD0019ED04 /* CurrencyCell.xib in Resources */ = {isa = PBXBuildFile; fileRef = 3A9781912D4535AD0019ED04 /* CurrencyCell.xib */; };
		3A9781932D4535AD0019ED04 /* CurrencyCell.swift in Sources */ = {isa = PBXBuildFile; fileRef = 3A9781902D4535AD0019ED04 /* CurrencyCell.swift */; };
		3A9781952D4539960019ED04 /* CurrencyCellViewModel.swift in Sources */ = {isa = PBXBuildFile; fileRef = 3A9781942D4539960019ED04 /* CurrencyCellViewModel.swift */; };
		3A9781972D453A340019ED04 /* CurrencySetupCell.swift in Sources */ = {isa = PBXBuildFile; fileRef = 3A9781962D453A340019ED04 /* CurrencySetupCell.swift */; };
		3A97819A2D4543200019ED04 /* Helpers.swift in Sources */ = {isa = PBXBuildFile; fileRef = 3A9781992D4543200019ED04 /* Helpers.swift */; };
		3A9781A12D4648310019ED04 /* CurrencyListEmptyCell.swift in Sources */ = {isa = PBXBuildFile; fileRef = 3A97819F2D4648310019ED04 /* CurrencyListEmptyCell.swift */; };
		3A9781A22D4648310019ED04 /* CurrencyListEmptyCell.xib in Resources */ = {isa = PBXBuildFile; fileRef = 3A9781A02D4648310019ED04 /* CurrencyListEmptyCell.xib */; };
		3A9781A42D464A3C0019ED04 /* CurrencyListEmptySetupCell.swift in Sources */ = {isa = PBXBuildFile; fileRef = 3A9781A32D464A3C0019ED04 /* CurrencyListEmptySetupCell.swift */; };
		3A9781A62D465FCF0019ED04 /* FavoritsViewModel.swift in Sources */ = {isa = PBXBuildFile; fileRef = 3A9781A52D465FCF0019ED04 /* FavoritsViewModel.swift */; };
		9A71A50D11F555BD7EFB00C6 /* Pods_CurrencyExchange.framework in Frameworks */ = {isa = PBXBuildFile; fileRef = 538DC9EEFAA97858C49EF4EE /* Pods_CurrencyExchange.framework */; };
/* End PBXBuildFile section */

/* Begin PBXFileReference section */
		3A9781362D44E9980019ED04 /* CurrencyExchange.app */ = {isa = PBXFileReference; explicitFileType = wrapper.application; includeInIndex = 0; path = CurrencyExchange.app; sourceTree = BUILT_PRODUCTS_DIR; };
		3A97814E2D44E99E0019ED04 /* AppDelegate.swift */ = {isa = PBXFileReference; lastKnownFileType = sourcecode.swift; path = AppDelegate.swift; sourceTree = "<group>"; };
		3A97814F2D44E99E0019ED04 /* Assets.xcassets */ = {isa = PBXFileReference; lastKnownFileType = folder.assetcatalog; path = Assets.xcassets; sourceTree = "<group>"; };
		3A9781502D44E99E0019ED04 /* Info.plist */ = {isa = PBXFileReference; lastKnownFileType = text.plist.xml; path = Info.plist; sourceTree = "<group>"; };
		3A9781512D44E99E0019ED04 /* Base */ = {isa = PBXFileReference; lastKnownFileType = file.storyboard; name = Base; path = Base.lproj/LaunchScreen.storyboard; sourceTree = "<group>"; };
		3A9781552D44E99E0019ED04 /* SceneDelegate.swift */ = {isa = PBXFileReference; lastKnownFileType = sourcecode.swift; path = SceneDelegate.swift; sourceTree = "<group>"; };
		3A9781652D44EF740019ED04 /* Coordinator.swift */ = {isa = PBXFileReference; lastKnownFileType = sourcecode.swift; path = Coordinator.swift; sourceTree = "<group>"; };
		3A9781672D44EFC40019ED04 /* AppCoordinator.swift */ = {isa = PBXFileReference; lastKnownFileType = sourcecode.swift; path = AppCoordinator.swift; sourceTree = "<group>"; };
		3A97816B2D44F0D70019ED04 /* CurrencyListViewController.swift */ = {isa = PBXFileReference; lastKnownFileType = sourcecode.swift; path = CurrencyListViewController.swift; sourceTree = "<group>"; };
		3A97816D2D44F0EB0019ED04 /* FavoritesViewController.swift */ = {isa = PBXFileReference; lastKnownFileType = sourcecode.swift; path = FavoritesViewController.swift; sourceTree = "<group>"; };
		3A9781722D44F3280019ED04 /* BaseView.swift */ = {isa = PBXFileReference; lastKnownFileType = sourcecode.swift; path = BaseView.swift; sourceTree = "<group>"; };
		3A9781762D44F4F50019ED04 /* APIClient.swift */ = {isa = PBXFileReference; lastKnownFileType = sourcecode.swift; path = APIClient.swift; sourceTree = "<group>"; };
		3A9781782D44F4FB0019ED04 /* APIRouter.swift */ = {isa = PBXFileReference; lastKnownFileType = sourcecode.swift; path = APIRouter.swift; sourceTree = "<group>"; };
		3A97817A2D44F5030019ED04 /* APIConstants.swift */ = {isa = PBXFileReference; lastKnownFileType = sourcecode.swift; path = APIConstants.swift; sourceTree = "<group>"; };
		3A97817C2D44FAAC0019ED04 /* CurrencyListViewModel.swift */ = {isa = PBXFileReference; lastKnownFileType = sourcecode.swift; path = CurrencyListViewModel.swift; sourceTree = "<group>"; };
		3A9781802D452DF80019ED04 /* KeychainManager.swift */ = {isa = PBXFileReference; lastKnownFileType = sourcecode.swift; path = KeychainManager.swift; sourceTree = "<group>"; };
		3A9781832D45302B0019ED04 /* CurrencyRateModel.swift */ = {isa = PBXFileReference; lastKnownFileType = sourcecode.swift; path = CurrencyRateModel.swift; sourceTree = "<group>"; };
		3A9781862D4531320019ED04 /* CellSetupController.swift */ = {isa = PBXFileReference; lastKnownFileType = sourcecode.swift; path = CellSetupController.swift; sourceTree = "<group>"; };
		3A9781882D4531A70019ED04 /* BaseTableView.swift */ = {isa = PBXFileReference; lastKnownFileType = sourcecode.swift; path = BaseTableView.swift; sourceTree = "<group>"; };
		3A97818B2D4532EC0019ED04 /* Protocols.swift */ = {isa = PBXFileReference; lastKnownFileType = sourcecode.swift; path = Protocols.swift; sourceTree = "<group>"; };
		3A9781902D4535AD0019ED04 /* CurrencyCell.swift */ = {isa = PBXFileReference; lastKnownFileType = sourcecode.swift; path = CurrencyCell.swift; sourceTree = "<group>"; };
		3A9781912D4535AD0019ED04 /* CurrencyCell.xib */ = {isa = PBXFileReference; lastKnownFileType = file.xib; path = CurrencyCell.xib; sourceTree = "<group>"; };
		3A9781942D4539960019ED04 /* CurrencyCellViewModel.swift */ = {isa = PBXFileReference; lastKnownFileType = sourcecode.swift; path = CurrencyCellViewModel.swift; sourceTree = "<group>"; };
		3A9781962D453A340019ED04 /* CurrencySetupCell.swift */ = {isa = PBXFileReference; lastKnownFileType = sourcecode.swift; path = CurrencySetupCell.swift; sourceTree = "<group>"; };
		3A9781992D4543200019ED04 /* Helpers.swift */ = {isa = PBXFileReference; lastKnownFileType = sourcecode.swift; path = Helpers.swift; sourceTree = "<group>"; };
		3A97819F2D4648310019ED04 /* CurrencyListEmptyCell.swift */ = {isa = PBXFileReference; lastKnownFileType = sourcecode.swift; path = CurrencyListEmptyCell.swift; sourceTree = "<group>"; };
		3A9781A02D4648310019ED04 /* CurrencyListEmptyCell.xib */ = {isa = PBXFileReference; lastKnownFileType = file.xib; path = CurrencyListEmptyCell.xib; sourceTree = "<group>"; };
		3A9781A32D464A3C0019ED04 /* CurrencyListEmptySetupCell.swift */ = {isa = PBXFileReference; lastKnownFileType = sourcecode.swift; path = CurrencyListEmptySetupCell.swift; sourceTree = "<group>"; };
		3A9781A52D465FCF0019ED04 /* FavoritsViewModel.swift */ = {isa = PBXFileReference; lastKnownFileType = sourcecode.swift; path = FavoritsViewModel.swift; sourceTree = "<group>"; };
		538DC9EEFAA97858C49EF4EE /* Pods_CurrencyExchange.framework */ = {isa = PBXFileReference; explicitFileType = wrapper.framework; includeInIndex = 0; path = Pods_CurrencyExchange.framework; sourceTree = BUILT_PRODUCTS_DIR; };
		937D30986C81529617435EFA /* Pods-CurrencyExchange.release.xcconfig */ = {isa = PBXFileReference; includeInIndex = 1; lastKnownFileType = text.xcconfig; name = "Pods-CurrencyExchange.release.xcconfig"; path = "Target Support Files/Pods-CurrencyExchange/Pods-CurrencyExchange.release.xcconfig"; sourceTree = "<group>"; };
		EEF8F46E431831E0E6B706FB /* Pods-CurrencyExchange.debug.xcconfig */ = {isa = PBXFileReference; includeInIndex = 1; lastKnownFileType = text.xcconfig; name = "Pods-CurrencyExchange.debug.xcconfig"; path = "Target Support Files/Pods-CurrencyExchange/Pods-CurrencyExchange.debug.xcconfig"; sourceTree = "<group>"; };
/* End PBXFileReference section */

/* Begin PBXFrameworksBuildPhase section */
		3A9781332D44E9980019ED04 /* Frameworks */ = {
			isa = PBXFrameworksBuildPhase;
			buildActionMask = 2147483647;
			files = (
				9A71A50D11F555BD7EFB00C6 /* Pods_CurrencyExchange.framework in Frameworks */,
			);
			runOnlyForDeploymentPostprocessing = 0;
		};
/* End PBXFrameworksBuildPhase section */

/* Begin PBXGroup section */
		3A97812D2D44E9980019ED04 = {
			isa = PBXGroup;
			children = (
				3A9781572D44E99E0019ED04 /* CurrencyExchange */,
				3A9781372D44E9980019ED04 /* Products */,
				D9B6848530E68533A4B01704 /* Pods */,
				6C04C02A33D45CA24B079E80 /* Frameworks */,
			);
			sourceTree = "<group>";
		};
		3A9781372D44E9980019ED04 /* Products */ = {
			isa = PBXGroup;
			children = (
				3A9781362D44E9980019ED04 /* CurrencyExchange.app */,
			);
			name = Products;
			sourceTree = "<group>";
		};
		3A9781572D44E99E0019ED04 /* CurrencyExchange */ = {
			isa = PBXGroup;
			children = (
				3A97817F2D452DEC0019ED04 /* Managers */,
				3A9781632D44EEA80019ED04 /* Coordinator */,
				3A9781612D44EE840019ED04 /* Network */,
				3A9781602D44EE810019ED04 /* UI */,
				3A97815F2D44ED520019ED04 /* Helpers */,
				3A9781502D44E99E0019ED04 /* Info.plist */,
			);
			path = CurrencyExchange;
			sourceTree = "<group>";
		};
		3A97815F2D44ED520019ED04 /* Helpers */ = {
			isa = PBXGroup;
			children = (
				3A97814E2D44E99E0019ED04 /* AppDelegate.swift */,
				3A9781552D44E99E0019ED04 /* SceneDelegate.swift */,
				3A97814F2D44E99E0019ED04 /* Assets.xcassets */,
				3A9781522D44E99E0019ED04 /* LaunchScreen.storyboard */,
				3A9781992D4543200019ED04 /* Helpers.swift */,
			);
			path = Helpers;
			sourceTree = "<group>";
		};
		3A9781602D44EE810019ED04 /* UI */ = {
			isa = PBXGroup;
			children = (
				3A9781712D44F3200019ED04 /* Base */,
				3A97816A2D44F09A0019ED04 /* Favorites */,
				3A9781692D44F0890019ED04 /* CurrencyList */,
			);
			path = UI;
			sourceTree = "<group>";
		};
		3A9781612D44EE840019ED04 /* Network */ = {
			isa = PBXGroup;
			children = (
				3A9781762D44F4F50019ED04 /* APIClient.swift */,
				3A9781782D44F4FB0019ED04 /* APIRouter.swift */,
				3A97817A2D44F5030019ED04 /* APIConstants.swift */,
			);
			path = Network;
			sourceTree = "<group>";
		};
		3A9781632D44EEA80019ED04 /* Coordinator */ = {
			isa = PBXGroup;
			children = (
				3A9781652D44EF740019ED04 /* Coordinator.swift */,
				3A9781672D44EFC40019ED04 /* AppCoordinator.swift */,
			);
			path = Coordinator;
			sourceTree = "<group>";
		};
		3A9781692D44F0890019ED04 /* CurrencyList */ = {
			isa = PBXGroup;
			children = (
				3A97818D2D4533620019ED04 /* Cell */,
				3A9781822D45301D0019ED04 /* Model */,
				3A97816B2D44F0D70019ED04 /* CurrencyListViewController.swift */,
				3A97817C2D44FAAC0019ED04 /* CurrencyListViewModel.swift */,
			);
			path = CurrencyList;
			sourceTree = "<group>";
		};
		3A97816A2D44F09A0019ED04 /* Favorites */ = {
			isa = PBXGroup;
			children = (
				3A97816D2D44F0EB0019ED04 /* FavoritesViewController.swift */,
				3A9781A52D465FCF0019ED04 /* FavoritsViewModel.swift */,
			);
			path = Favorites;
			sourceTree = "<group>";
		};
		3A9781712D44F3200019ED04 /* Base */ = {
			isa = PBXGroup;
			children = (
				3A9781722D44F3280019ED04 /* BaseView.swift */,
				3A9781882D4531A70019ED04 /* BaseTableView.swift */,
			);
			path = Base;
			sourceTree = "<group>";
		};
		3A97817E2D452DE60019ED04 /* Keychain */ = {
			isa = PBXGroup;
			children = (
				3A9781802D452DF80019ED04 /* KeychainManager.swift */,
			);
			path = Keychain;
			sourceTree = "<group>";
		};
		3A97817F2D452DEC0019ED04 /* Managers */ = {
			isa = PBXGroup;
			children = (
				3A97818A2D4532E30019ED04 /* Protocols */,
				3A9781852D4530F80019ED04 /* CellSetupController */,
				3A97817E2D452DE60019ED04 /* Keychain */,
			);
			path = Managers;
			sourceTree = "<group>";
		};
		3A9781822D45301D0019ED04 /* Model */ = {
			isa = PBXGroup;
			children = (
				3A9781832D45302B0019ED04 /* CurrencyRateModel.swift */,
			);
			path = Model;
			sourceTree = "<group>";
		};
		3A9781852D4530F80019ED04 /* CellSetupController */ = {
			isa = PBXGroup;
			children = (
				3A9781862D4531320019ED04 /* CellSetupController.swift */,
			);
			path = CellSetupController;
			sourceTree = "<group>";
		};
		3A97818A2D4532E30019ED04 /* Protocols */ = {
			isa = PBXGroup;
			children = (
				3A97818B2D4532EC0019ED04 /* Protocols.swift */,
			);
			path = Protocols;
			sourceTree = "<group>";
		};
		3A97818D2D4533620019ED04 /* Cell */ = {
			isa = PBXGroup;
			children = (
				3A97819E2D4648220019ED04 /* CurrencyListEmpty */,
				3A97819B2D4647FF0019ED04 /* Currency */,
			);
			path = Cell;
			sourceTree = "<group>";
		};
		3A97819B2D4647FF0019ED04 /* Currency */ = {
			isa = PBXGroup;
			children = (
				3A9781962D453A340019ED04 /* CurrencySetupCell.swift */,
				3A9781942D4539960019ED04 /* CurrencyCellViewModel.swift */,
				3A9781912D4535AD0019ED04 /* CurrencyCell.xib */,
				3A9781902D4535AD0019ED04 /* CurrencyCell.swift */,
			);
			path = Currency;
			sourceTree = "<group>";
		};
		3A97819E2D4648220019ED04 /* CurrencyListEmpty */ = {
			isa = PBXGroup;
			children = (
				3A9781A02D4648310019ED04 /* CurrencyListEmptyCell.xib */,
				3A97819F2D4648310019ED04 /* CurrencyListEmptyCell.swift */,
				3A9781A32D464A3C0019ED04 /* CurrencyListEmptySetupCell.swift */,
			);
			path = CurrencyListEmpty;
			sourceTree = "<group>";
		};
		6C04C02A33D45CA24B079E80 /* Frameworks */ = {
			isa = PBXGroup;
			children = (
				538DC9EEFAA97858C49EF4EE /* Pods_CurrencyExchange.framework */,
			);
			name = Frameworks;
			sourceTree = "<group>";
		};
		D9B6848530E68533A4B01704 /* Pods */ = {
			isa = PBXGroup;
			children = (
				EEF8F46E431831E0E6B706FB /* Pods-CurrencyExchange.debug.xcconfig */,
				937D30986C81529617435EFA /* Pods-CurrencyExchange.release.xcconfig */,
			);
			path = Pods;
			sourceTree = "<group>";
		};
/* End PBXGroup section */

/* Begin PBXNativeTarget section */
		3A9781352D44E9980019ED04 /* CurrencyExchange */ = {
			isa = PBXNativeTarget;
			buildConfigurationList = 3A9781492D44E9990019ED04 /* Build configuration list for PBXNativeTarget "CurrencyExchange" */;
			buildPhases = (
				D29AE5821C919F30D649ABED /* [CP] Check Pods Manifest.lock */,
				3A9781322D44E9980019ED04 /* Sources */,
				3A9781332D44E9980019ED04 /* Frameworks */,
				3A9781342D44E9980019ED04 /* Resources */,
				A875F0401F8D2F59499FBB12 /* [CP] Embed Pods Frameworks */,
			);
			buildRules = (
			);
			dependencies = (
			);
			name = CurrencyExchange;
			productName = CurrencyExchange;
			productReference = 3A9781362D44E9980019ED04 /* CurrencyExchange.app */;
			productType = "com.apple.product-type.application";
		};
/* End PBXNativeTarget section */

/* Begin PBXProject section */
		3A97812E2D44E9980019ED04 /* Project object */ = {
			isa = PBXProject;
			attributes = {
				BuildIndependentTargetsInParallel = 1;
				LastSwiftUpdateCheck = 1620;
				LastUpgradeCheck = 1620;
				TargetAttributes = {
					3A9781352D44E9980019ED04 = {
						CreatedOnToolsVersion = 16.2;
					};
				};
			};
			buildConfigurationList = 3A9781312D44E9980019ED04 /* Build configuration list for PBXProject "CurrencyExchange" */;
			compatibilityVersion = "Xcode 14.0";
			developmentRegion = en;
			hasScannedForEncodings = 0;
			knownRegions = (
				en,
				Base,
			);
			mainGroup = 3A97812D2D44E9980019ED04;
			productRefGroup = 3A9781372D44E9980019ED04 /* Products */;
			projectDirPath = "";
			projectRoot = "";
			targets = (
				3A9781352D44E9980019ED04 /* CurrencyExchange */,
			);
		};
/* End PBXProject section */

/* Begin PBXResourcesBuildPhase section */
		3A9781342D44E9980019ED04 /* Resources */ = {
			isa = PBXResourcesBuildPhase;
			buildActionMask = 2147483647;
			files = (
				3A9781A22D4648310019ED04 /* CurrencyListEmptyCell.xib in Resources */,
				3A9781582D44E99E0019ED04 /* Assets.xcassets in Resources */,
				3A9781922D4535AD0019ED04 /* CurrencyCell.xib in Resources */,
				3A97815A2D44E99E0019ED04 /* LaunchScreen.storyboard in Resources */,
			);
			runOnlyForDeploymentPostprocessing = 0;
		};
/* End PBXResourcesBuildPhase section */

/* Begin PBXShellScriptBuildPhase section */
		A875F0401F8D2F59499FBB12 /* [CP] Embed Pods Frameworks */ = {
			isa = PBXShellScriptBuildPhase;
			buildActionMask = 2147483647;
			files = (
			);
			inputFileListPaths = (
				"${PODS_ROOT}/Target Support Files/Pods-CurrencyExchange/Pods-CurrencyExchange-frameworks-${CONFIGURATION}-input-files.xcfilelist",
			);
			name = "[CP] Embed Pods Frameworks";
			outputFileListPaths = (
				"${PODS_ROOT}/Target Support Files/Pods-CurrencyExchange/Pods-CurrencyExchange-frameworks-${CONFIGURATION}-output-files.xcfilelist",
			);
			runOnlyForDeploymentPostprocessing = 0;
			shellPath = /bin/sh;
			shellScript = "\"${PODS_ROOT}/Target Support Files/Pods-CurrencyExchange/Pods-CurrencyExchange-frameworks.sh\"\n";
			showEnvVarsInLog = 0;
		};
		D29AE5821C919F30D649ABED /* [CP] Check Pods Manifest.lock */ = {
			isa = PBXShellScriptBuildPhase;
			buildActionMask = 2147483647;
			files = (
			);
			inputFileListPaths = (
			);
			inputPaths = (
				"${PODS_PODFILE_DIR_PATH}/Podfile.lock",
				"${PODS_ROOT}/Manifest.lock",
			);
			name = "[CP] Check Pods Manifest.lock";
			outputFileListPaths = (
			);
			outputPaths = (
				"$(DERIVED_FILE_DIR)/Pods-CurrencyExchange-checkManifestLockResult.txt",
			);
			runOnlyForDeploymentPostprocessing = 0;
			shellPath = /bin/sh;
			shellScript = "diff \"${PODS_PODFILE_DIR_PATH}/Podfile.lock\" \"${PODS_ROOT}/Manifest.lock\" > /dev/null\nif [ $? != 0 ] ; then\n    # print error to STDERR\n    echo \"error: The sandbox is not in sync with the Podfile.lock. Run 'pod install' or update your CocoaPods installation.\" >&2\n    exit 1\nfi\n# This output is used by Xcode 'outputs' to avoid re-running this script phase.\necho \"SUCCESS\" > \"${SCRIPT_OUTPUT_FILE_0}\"\n";
			showEnvVarsInLog = 0;
		};
/* End PBXShellScriptBuildPhase section */

/* Begin PBXSourcesBuildPhase section */
		3A9781322D44E9980019ED04 /* Sources */ = {
			isa = PBXSourcesBuildPhase;
			buildActionMask = 2147483647;
			files = (
				3A97816C2D44F0D70019ED04 /* CurrencyListViewController.swift in Sources */,
				3A97817D2D44FAAC0019ED04 /* CurrencyListViewModel.swift in Sources */,
				3A9781682D44EFC40019ED04 /* AppCoordinator.swift in Sources */,
				3A9781A62D465FCF0019ED04 /* FavoritsViewModel.swift in Sources */,
				3A9781932D4535AD0019ED04 /* CurrencyCell.swift in Sources */,
				3A97818C2D4532EC0019ED04 /* Protocols.swift in Sources */,
				3A9781772D44F4F50019ED04 /* APIClient.swift in Sources */,
				3A97815C2D44E99E0019ED04 /* AppDelegate.swift in Sources */,
				3A9781892D4531A70019ED04 /* BaseTableView.swift in Sources */,
				3A97815D2D44E99E0019ED04 /* SceneDelegate.swift in Sources */,
				3A97816E2D44F0EB0019ED04 /* FavoritesViewController.swift in Sources */,
				3A9781842D45302B0019ED04 /* CurrencyRateModel.swift in Sources */,
				3A9781872D4531320019ED04 /* CellSetupController.swift in Sources */,
				3A9781792D44F4FB0019ED04 /* APIRouter.swift in Sources */,
				3A9781812D452DF80019ED04 /* KeychainManager.swift in Sources */,
				3A97819A2D4543200019ED04 /* Helpers.swift in Sources */,
				3A97817B2D44F5030019ED04 /* APIConstants.swift in Sources */,
				3A9781662D44EF740019ED04 /* Coordinator.swift in Sources */,
				3A9781952D4539960019ED04 /* CurrencyCellViewModel.swift in Sources */,
				3A9781A12D4648310019ED04 /* CurrencyListEmptyCell.swift in Sources */,
				3A9781A42D464A3C0019ED04 /* CurrencyListEmptySetupCell.swift in Sources */,
				3A9781972D453A340019ED04 /* CurrencySetupCell.swift in Sources */,
				3A9781732D44F3280019ED04 /* BaseView.swift in Sources */,
			);
			runOnlyForDeploymentPostprocessing = 0;
		};
/* End PBXSourcesBuildPhase section */

/* Begin PBXVariantGroup section */
		3A9781522D44E99E0019ED04 /* LaunchScreen.storyboard */ = {
			isa = PBXVariantGroup;
			children = (
				3A9781512D44E99E0019ED04 /* Base */,
			);
			name = LaunchScreen.storyboard;
			sourceTree = "<group>";
		};
/* End PBXVariantGroup section */

/* Begin XCBuildConfiguration section */
		3A97814A2D44E9990019ED04 /* Debug */ = {
			isa = XCBuildConfiguration;
			baseConfigurationReference = EEF8F46E431831E0E6B706FB /* Pods-CurrencyExchange.debug.xcconfig */;
			buildSettings = {
				ASSETCATALOG_COMPILER_APPICON_NAME = AppIcon;
				ASSETCATALOG_COMPILER_GLOBAL_ACCENT_COLOR_NAME = AccentColor;
				CODE_SIGN_STYLE = Automatic;
				CURRENT_PROJECT_VERSION = 1;
				DEVELOPMENT_TEAM = D546Q3YH5F;
				ENABLE_USER_SCRIPT_SANDBOXING = NO;
				GENERATE_INFOPLIST_FILE = YES;
				INFOPLIST_FILE = CurrencyExchange/Info.plist;
				INFOPLIST_KEY_CFBundleDisplayName = "Currency Exchange";
				INFOPLIST_KEY_UIApplicationSupportsIndirectInputEvents = YES;
				INFOPLIST_KEY_UILaunchStoryboardName = LaunchScreen;
				INFOPLIST_KEY_UIMainStoryboardFile = "";
				INFOPLIST_KEY_UISupportedInterfaceOrientations_iPad = "UIInterfaceOrientationPortrait UIInterfaceOrientationPortraitUpsideDown UIInterfaceOrientationLandscapeLeft UIInterfaceOrientationLandscapeRight";
				INFOPLIST_KEY_UISupportedInterfaceOrientations_iPhone = "UIInterfaceOrientationPortrait UIInterfaceOrientationLandscapeLeft UIInterfaceOrientationLandscapeRight";
				IPHONEOS_DEPLOYMENT_TARGET = 15.0;
				LD_RUNPATH_SEARCH_PATHS = (
					"$(inherited)",
					"@executable_path/Frameworks",
				);
				MARKETING_VERSION = 1.0.0;
				PRODUCT_BUNDLE_IDENTIFIER = dev.healer.CurrencyExchange;
				PRODUCT_NAME = "$(TARGET_NAME)";
				SWIFT_EMIT_LOC_STRINGS = YES;
				SWIFT_VERSION = 5.0;
				TARGETED_DEVICE_FAMILY = "1,2";
			};
			name = Debug;
		};
		3A97814B2D44E9990019ED04 /* Release */ = {
			isa = XCBuildConfiguration;
			baseConfigurationReference = 937D30986C81529617435EFA /* Pods-CurrencyExchange.release.xcconfig */;
			buildSettings = {
				ASSETCATALOG_COMPILER_APPICON_NAME = AppIcon;
				ASSETCATALOG_COMPILER_GLOBAL_ACCENT_COLOR_NAME = AccentColor;
				CODE_SIGN_STYLE = Automatic;
				CURRENT_PROJECT_VERSION = 1;
				DEVELOPMENT_TEAM = D546Q3YH5F;
				ENABLE_USER_SCRIPT_SANDBOXING = NO;
				GENERATE_INFOPLIST_FILE = YES;
				INFOPLIST_FILE = CurrencyExchange/Info.plist;
				INFOPLIST_KEY_CFBundleDisplayName = "Currency Exchange";
				INFOPLIST_KEY_UIApplicationSupportsIndirectInputEvents = YES;
				INFOPLIST_KEY_UILaunchStoryboardName = LaunchScreen;
				INFOPLIST_KEY_UIMainStoryboardFile = "";
				INFOPLIST_KEY_UISupportedInterfaceOrientations_iPad = "UIInterfaceOrientationPortrait UIInterfaceOrientationPortraitUpsideDown UIInterfaceOrientationLandscapeLeft UIInterfaceOrientationLandscapeRight";
				INFOPLIST_KEY_UISupportedInterfaceOrientations_iPhone = "UIInterfaceOrientationPortrait UIInterfaceOrientationLandscapeLeft UIInterfaceOrientationLandscapeRight";
				IPHONEOS_DEPLOYMENT_TARGET = 15.0;
				LD_RUNPATH_SEARCH_PATHS = (
					"$(inherited)",
					"@executable_path/Frameworks",
				);
				MARKETING_VERSION = 1.0.0;
				PRODUCT_BUNDLE_IDENTIFIER = dev.healer.CurrencyExchange;
				PRODUCT_NAME = "$(TARGET_NAME)";
				SWIFT_EMIT_LOC_STRINGS = YES;
				SWIFT_VERSION = 5.0;
				TARGETED_DEVICE_FAMILY = "1,2";
			};
			name = Release;
		};
		3A97814C2D44E9990019ED04 /* Debug */ = {
			isa = XCBuildConfiguration;
			buildSettings = {
				ALWAYS_SEARCH_USER_PATHS = NO;
				ASSETCATALOG_COMPILER_GENERATE_SWIFT_ASSET_SYMBOL_EXTENSIONS = YES;
				CLANG_ANALYZER_NONNULL = YES;
				CLANG_ANALYZER_NUMBER_OBJECT_CONVERSION = YES_AGGRESSIVE;
				CLANG_CXX_LANGUAGE_STANDARD = "gnu++20";
				CLANG_ENABLE_MODULES = YES;
				CLANG_ENABLE_OBJC_ARC = YES;
				CLANG_ENABLE_OBJC_WEAK = YES;
				CLANG_WARN_BLOCK_CAPTURE_AUTORELEASING = YES;
				CLANG_WARN_BOOL_CONVERSION = YES;
				CLANG_WARN_COMMA = YES;
				CLANG_WARN_CONSTANT_CONVERSION = YES;
				CLANG_WARN_DEPRECATED_OBJC_IMPLEMENTATIONS = YES;
				CLANG_WARN_DIRECT_OBJC_ISA_USAGE = YES_ERROR;
				CLANG_WARN_DOCUMENTATION_COMMENTS = YES;
				CLANG_WARN_EMPTY_BODY = YES;
				CLANG_WARN_ENUM_CONVERSION = YES;
				CLANG_WARN_INFINITE_RECURSION = YES;
				CLANG_WARN_INT_CONVERSION = YES;
				CLANG_WARN_NON_LITERAL_NULL_CONVERSION = YES;
				CLANG_WARN_OBJC_IMPLICIT_RETAIN_SELF = YES;
				CLANG_WARN_OBJC_LITERAL_CONVERSION = YES;
				CLANG_WARN_OBJC_ROOT_CLASS = YES_ERROR;
				CLANG_WARN_QUOTED_INCLUDE_IN_FRAMEWORK_HEADER = YES;
				CLANG_WARN_RANGE_LOOP_ANALYSIS = YES;
				CLANG_WARN_STRICT_PROTOTYPES = YES;
				CLANG_WARN_SUSPICIOUS_MOVE = YES;
				CLANG_WARN_UNGUARDED_AVAILABILITY = YES_AGGRESSIVE;
				CLANG_WARN_UNREACHABLE_CODE = YES;
				CLANG_WARN__DUPLICATE_METHOD_MATCH = YES;
				COPY_PHASE_STRIP = NO;
				DEBUG_INFORMATION_FORMAT = dwarf;
				ENABLE_STRICT_OBJC_MSGSEND = YES;
				ENABLE_TESTABILITY = YES;
				ENABLE_USER_SCRIPT_SANDBOXING = YES;
				GCC_C_LANGUAGE_STANDARD = gnu17;
				GCC_DYNAMIC_NO_PIC = NO;
				GCC_NO_COMMON_BLOCKS = YES;
				GCC_OPTIMIZATION_LEVEL = 0;
				GCC_PREPROCESSOR_DEFINITIONS = (
					"DEBUG=1",
					"$(inherited)",
				);
				GCC_WARN_64_TO_32_BIT_CONVERSION = YES;
				GCC_WARN_ABOUT_RETURN_TYPE = YES_ERROR;
				GCC_WARN_UNDECLARED_SELECTOR = YES;
				GCC_WARN_UNINITIALIZED_AUTOS = YES_AGGRESSIVE;
				GCC_WARN_UNUSED_FUNCTION = YES;
				GCC_WARN_UNUSED_VARIABLE = YES;
				IPHONEOS_DEPLOYMENT_TARGET = 18.2;
				LOCALIZATION_PREFERS_STRING_CATALOGS = YES;
				MTL_ENABLE_DEBUG_INFO = INCLUDE_SOURCE;
				MTL_FAST_MATH = YES;
				ONLY_ACTIVE_ARCH = YES;
				SDKROOT = iphoneos;
				SWIFT_ACTIVE_COMPILATION_CONDITIONS = "DEBUG $(inherited)";
				SWIFT_OPTIMIZATION_LEVEL = "-Onone";
			};
			name = Debug;
		};
		3A97814D2D44E9990019ED04 /* Release */ = {
			isa = XCBuildConfiguration;
			buildSettings = {
				ALWAYS_SEARCH_USER_PATHS = NO;
				ASSETCATALOG_COMPILER_GENERATE_SWIFT_ASSET_SYMBOL_EXTENSIONS = YES;
				CLANG_ANALYZER_NONNULL = YES;
				CLANG_ANALYZER_NUMBER_OBJECT_CONVERSION = YES_AGGRESSIVE;
				CLANG_CXX_LANGUAGE_STANDARD = "gnu++20";
				CLANG_ENABLE_MODULES = YES;
				CLANG_ENABLE_OBJC_ARC = YES;
				CLANG_ENABLE_OBJC_WEAK = YES;
				CLANG_WARN_BLOCK_CAPTURE_AUTORELEASING = YES;
				CLANG_WARN_BOOL_CONVERSION = YES;
				CLANG_WARN_COMMA = YES;
				CLANG_WARN_CONSTANT_CONVERSION = YES;
				CLANG_WARN_DEPRECATED_OBJC_IMPLEMENTATIONS = YES;
				CLANG_WARN_DIRECT_OBJC_ISA_USAGE = YES_ERROR;
				CLANG_WARN_DOCUMENTATION_COMMENTS = YES;
				CLANG_WARN_EMPTY_BODY = YES;
				CLANG_WARN_ENUM_CONVERSION = YES;
				CLANG_WARN_INFINITE_RECURSION = YES;
				CLANG_WARN_INT_CONVERSION = YES;
				CLANG_WARN_NON_LITERAL_NULL_CONVERSION = YES;
				CLANG_WARN_OBJC_IMPLICIT_RETAIN_SELF = YES;
				CLANG_WARN_OBJC_LITERAL_CONVERSION = YES;
				CLANG_WARN_OBJC_ROOT_CLASS = YES_ERROR;
				CLANG_WARN_QUOTED_INCLUDE_IN_FRAMEWORK_HEADER = YES;
				CLANG_WARN_RANGE_LOOP_ANALYSIS = YES;
				CLANG_WARN_STRICT_PROTOTYPES = YES;
				CLANG_WARN_SUSPICIOUS_MOVE = YES;
				CLANG_WARN_UNGUARDED_AVAILABILITY = YES_AGGRESSIVE;
				CLANG_WARN_UNREACHABLE_CODE = YES;
				CLANG_WARN__DUPLICATE_METHOD_MATCH = YES;
				COPY_PHASE_STRIP = NO;
				DEBUG_INFORMATION_FORMAT = "dwarf-with-dsym";
				ENABLE_NS_ASSERTIONS = NO;
				ENABLE_STRICT_OBJC_MSGSEND = YES;
				ENABLE_USER_SCRIPT_SANDBOXING = YES;
				GCC_C_LANGUAGE_STANDARD = gnu17;
				GCC_NO_COMMON_BLOCKS = YES;
				GCC_WARN_64_TO_32_BIT_CONVERSION = YES;
				GCC_WARN_ABOUT_RETURN_TYPE = YES_ERROR;
				GCC_WARN_UNDECLARED_SELECTOR = YES;
				GCC_WARN_UNINITIALIZED_AUTOS = YES_AGGRESSIVE;
				GCC_WARN_UNUSED_FUNCTION = YES;
				GCC_WARN_UNUSED_VARIABLE = YES;
				IPHONEOS_DEPLOYMENT_TARGET = 18.2;
				LOCALIZATION_PREFERS_STRING_CATALOGS = YES;
				MTL_ENABLE_DEBUG_INFO = NO;
				MTL_FAST_MATH = YES;
				SDKROOT = iphoneos;
				SWIFT_COMPILATION_MODE = wholemodule;
				VALIDATE_PRODUCT = YES;
			};
			name = Release;
		};
/* End XCBuildConfiguration section */

/* Begin XCConfigurationList section */
		3A9781312D44E9980019ED04 /* Build configuration list for PBXProject "CurrencyExchange" */ = {
			isa = XCConfigurationList;
			buildConfigurations = (
				3A97814C2D44E9990019ED04 /* Debug */,
				3A97814D2D44E9990019ED04 /* Release */,
			);
			defaultConfigurationIsVisible = 0;
			defaultConfigurationName = Release;
		};
		3A9781492D44E9990019ED04 /* Build configuration list for PBXNativeTarget "CurrencyExchange" */ = {
			isa = XCConfigurationList;
			buildConfigurations = (
				3A97814A2D44E9990019ED04 /* Debug */,
				3A97814B2D44E9990019ED04 /* Release */,
			);
			defaultConfigurationIsVisible = 0;
			defaultConfigurationName = Release;
		};
/* End XCConfigurationList section */
	};
	rootObject = 3A97812E2D44E9980019ED04 /* Project object */;
}
